
Microsoft Visual Studio Solution File, Format Version 12.00
# Visual Studio 15
VisualStudioVersion = 15.0.28010.2041
MinimumVisualStudioVersion = 10.0.40219.1
Project("{FAE04EC0-301F-11D3-BF4B-00C04F79EFBC}") = "1.Threads", "1.Threads\1.Threads.csproj", "{5EA9DFC8-6908-4EF4-B512-D1D0088C60CC}"
EndProject
Project("{FAE04EC0-301F-11D3-BF4B-00C04F79EFBC}") = "2.Tasks", "2.Tasks\2.Tasks.csproj", "{F92FF40C-AEBE-4F58-BDE0-01D77CEDE163}"
EndProject
Project("{FAE04EC0-301F-11D3-BF4B-00C04F79EFBC}") = "3.AsyncAwait", "3.AsyncAwait\3.AsyncAwait.csproj", "{85DAFD63-3D56-4C3A-85AC-3F81E378616B}"
EndProject
Global
	GlobalSection(SolutionConfigurationPlatforms) = preSolution
		Debug|Any CPU = Debug|Any CPU
		Release|Any CPU = Release|Any CPU
	EndGlobalSection
	GlobalSection(ProjectConfigurationPlatforms) = postSolution
		{5EA9DFC8-6908-4EF4-B512-D1D0088C60CC}.Debug|Any CPU.ActiveCfg = Debug|Any CPU
		{5EA9DFC8-6908-4EF4-B512-D1D0088C60CC}.Debug|Any CPU.Build.0 = Debug|Any CPU
		{5EA9DFC8-6908-4EF4-B512-D1D0088C60CC}.Release|Any CPU.ActiveCfg = Release|Any CPU
		{5EA9DFC8-6908-4EF4-B512-D1D0088C60CC}.Release|Any CPU.Build.0 = Release|Any CPU
		{F92FF40C-AEBE-4F58-BDE0-01D77CEDE163}.Debug|Any CPU.ActiveCfg = Debug|Any CPU
		{F92FF40C-AEBE-4F58-BDE0-01D77CEDE163}.Debug|Any CPU.Build.0 = Debug|Any CPU
		{F92FF40C-AEBE-4F58-BDE0-01D77CEDE163}.Release|Any CPU.ActiveCfg = Release|Any CPU
		{F92FF40C-AEBE-4F58-BDE0-01D77CEDE163}.Release|Any CPU.Build.0 = Release|Any CPU
		{85DAFD63-3D56-4C3A-85AC-3F81E378616B}.Debug|Any CPU.ActiveCfg = Debug|Any CPU
		{85DAFD63-3D56-4C3A-85AC-3F81E378616B}.Debug|Any CPU.Build.0 = Debug|Any CPU
		{85DAFD63-3D56-4C3A-85AC-3F81E378616B}.Release|Any CPU.ActiveCfg = Release|Any CPU
		{85DAFD63-3D56-4C3A-85AC-3F81E378616B}.Release|Any CPU.Build.0 = Release|Any CPU
	EndGlobalSection
	GlobalSection(SolutionProperties) = preSolution
		HideSolutionNode = FALSE
	EndGlobalSection
	GlobalSection(ExtensibilityGlobals) = postSolution
		SolutionGuid = {652E5373-DAF0-4A54-86E8-C0B8E26F22C8}
	EndGlobalSection
EndGlobal
