
Microsoft Visual Studio Solution File, Format Version 12.00
# Visual Studio 15
VisualStudioVersion = 15.0.28010.2041
MinimumVisualStudioVersion = 10.0.40219.1
Project("{FAE04EC0-301F-11D3-BF4B-00C04F79EFBC}") = "Interface", "Polymorph\Interface.csproj", "{4A790001-FEAF-4BD6-A22F-EC586240C438}"
EndProject
Project("{FAE04EC0-301F-11D3-BF4B-00C04F79EFBC}") = "AbstractClasses", "AbstractClasses\AbstractClasses.csproj", "{5460CA21-7A53-4B72-8DB4-94212F3A92EE}"
EndProject
Project("{FAE04EC0-301F-11D3-BF4B-00C04F79EFBC}") = "Virtual", "Virtual\Virtual.csproj", "{8768B160-E100-40DD-B415-F71D3C00D7E4}"
EndProject
Global
	GlobalSection(SolutionConfigurationPlatforms) = preSolution
		Debug|Any CPU = Debug|Any CPU
		Release|Any CPU = Release|Any CPU
	EndGlobalSection
	GlobalSection(ProjectConfigurationPlatforms) = postSolution
		{4A790001-FEAF-4BD6-A22F-EC586240C438}.Debug|Any CPU.ActiveCfg = Debug|Any CPU
		{4A790001-FEAF-4BD6-A22F-EC586240C438}.Debug|Any CPU.Build.0 = Debug|Any CPU
		{4A790001-FEAF-4BD6-A22F-EC586240C438}.Release|Any CPU.ActiveCfg = Release|Any CPU
		{4A790001-FEAF-4BD6-A22F-EC586240C438}.Release|Any CPU.Build.0 = Release|Any CPU
		{5460CA21-7A53-4B72-8DB4-94212F3A92EE}.Debug|Any CPU.ActiveCfg = Debug|Any CPU
		{5460CA21-7A53-4B72-8DB4-94212F3A92EE}.Debug|Any CPU.Build.0 = Debug|Any CPU
		{5460CA21-7A53-4B72-8DB4-94212F3A92EE}.Release|Any CPU.ActiveCfg = Release|Any CPU
		{5460CA21-7A53-4B72-8DB4-94212F3A92EE}.Release|Any CPU.Build.0 = Release|Any CPU
		{8768B160-E100-40DD-B415-F71D3C00D7E4}.Debug|Any CPU.ActiveCfg = Debug|Any CPU
		{8768B160-E100-40DD-B415-F71D3C00D7E4}.Debug|Any CPU.Build.0 = Debug|Any CPU
		{8768B160-E100-40DD-B415-F71D3C00D7E4}.Release|Any CPU.ActiveCfg = Release|Any CPU
		{8768B160-E100-40DD-B415-F71D3C00D7E4}.Release|Any CPU.Build.0 = Release|Any CPU
	EndGlobalSection
	GlobalSection(SolutionProperties) = preSolution
		HideSolutionNode = FALSE
	EndGlobalSection
	GlobalSection(ExtensibilityGlobals) = postSolution
		SolutionGuid = {6706BEE4-7CD6-46FC-A68C-5E3011E1B4D0}
	EndGlobalSection
EndGlobal
