
Microsoft Visual Studio Solution File, Format Version 12.00
# Visual Studio 15
VisualStudioVersion = 15.0.28010.2041
MinimumVisualStudioVersion = 10.0.40219.1
Project("{FAE04EC0-301F-11D3-BF4B-00C04F79EFBC}") = "AlreadyMade Delegates", "Delegates\AlreadyMade Delegates.csproj", "{A9BDDAA4-7C18-46FB-B2E8-77022CFA834F}"
EndProject
Project("{FAE04EC0-301F-11D3-BF4B-00C04F79EFBC}") = "Action Delegates", "Action Delegates\Action Delegates.csproj", "{37815DD2-BBBE-4B62-B850-AA33259153E6}"
EndProject
Project("{FAE04EC0-301F-11D3-BF4B-00C04F79EFBC}") = "Lambda", "Lambda\Lambda.csproj", "{3B9B30B9-F688-4CE9-AB06-AE491A4857C2}"
EndProject
Project("{FAE04EC0-301F-11D3-BF4B-00C04F79EFBC}") = "Lambda2", "Lambda2\Lambda2.csproj", "{BC709C5F-E0CC-406E-B294-C4D7E8354F8C}"
EndProject
Project("{FAE04EC0-301F-11D3-BF4B-00C04F79EFBC}") = "Exercise", "Exercise\Exercise.csproj", "{20EC7937-1384-44FF-A07B-8A81CDA458B0}"
EndProject
Global
	GlobalSection(SolutionConfigurationPlatforms) = preSolution
		Debug|Any CPU = Debug|Any CPU
		Release|Any CPU = Release|Any CPU
	EndGlobalSection
	GlobalSection(ProjectConfigurationPlatforms) = postSolution
		{A9BDDAA4-7C18-46FB-B2E8-77022CFA834F}.Debug|Any CPU.ActiveCfg = Debug|Any CPU
		{A9BDDAA4-7C18-46FB-B2E8-77022CFA834F}.Debug|Any CPU.Build.0 = Debug|Any CPU
		{A9BDDAA4-7C18-46FB-B2E8-77022CFA834F}.Release|Any CPU.ActiveCfg = Release|Any CPU
		{A9BDDAA4-7C18-46FB-B2E8-77022CFA834F}.Release|Any CPU.Build.0 = Release|Any CPU
		{37815DD2-BBBE-4B62-B850-AA33259153E6}.Debug|Any CPU.ActiveCfg = Debug|Any CPU
		{37815DD2-BBBE-4B62-B850-AA33259153E6}.Debug|Any CPU.Build.0 = Debug|Any CPU
		{37815DD2-BBBE-4B62-B850-AA33259153E6}.Release|Any CPU.ActiveCfg = Release|Any CPU
		{37815DD2-BBBE-4B62-B850-AA33259153E6}.Release|Any CPU.Build.0 = Release|Any CPU
		{3B9B30B9-F688-4CE9-AB06-AE491A4857C2}.Debug|Any CPU.ActiveCfg = Debug|Any CPU
		{3B9B30B9-F688-4CE9-AB06-AE491A4857C2}.Debug|Any CPU.Build.0 = Debug|Any CPU
		{3B9B30B9-F688-4CE9-AB06-AE491A4857C2}.Release|Any CPU.ActiveCfg = Release|Any CPU
		{3B9B30B9-F688-4CE9-AB06-AE491A4857C2}.Release|Any CPU.Build.0 = Release|Any CPU
		{BC709C5F-E0CC-406E-B294-C4D7E8354F8C}.Debug|Any CPU.ActiveCfg = Debug|Any CPU
		{BC709C5F-E0CC-406E-B294-C4D7E8354F8C}.Debug|Any CPU.Build.0 = Debug|Any CPU
		{BC709C5F-E0CC-406E-B294-C4D7E8354F8C}.Release|Any CPU.ActiveCfg = Release|Any CPU
		{BC709C5F-E0CC-406E-B294-C4D7E8354F8C}.Release|Any CPU.Build.0 = Release|Any CPU
		{20EC7937-1384-44FF-A07B-8A81CDA458B0}.Debug|Any CPU.ActiveCfg = Debug|Any CPU
		{20EC7937-1384-44FF-A07B-8A81CDA458B0}.Debug|Any CPU.Build.0 = Debug|Any CPU
		{20EC7937-1384-44FF-A07B-8A81CDA458B0}.Release|Any CPU.ActiveCfg = Release|Any CPU
		{20EC7937-1384-44FF-A07B-8A81CDA458B0}.Release|Any CPU.Build.0 = Release|Any CPU
	EndGlobalSection
	GlobalSection(SolutionProperties) = preSolution
		HideSolutionNode = FALSE
	EndGlobalSection
	GlobalSection(ExtensibilityGlobals) = postSolution
		SolutionGuid = {23826FAE-12CE-4B12-B179-9C4DB576153B}
	EndGlobalSection
EndGlobal
